
Microsoft Visual Studio Solution File, Format Version 12.00
# Visual Studio Version 16
VisualStudioVersion = 16.0.30804.86
MinimumVisualStudioVersion = 10.0.40219.1
Project("{FAE04EC0-301F-11D3-BF4B-00C04F79EFBC}") = "GameProject", "GameProject\GameProject.csproj", "{39F72A59-0BAE-4FFD-86AE-5860C3977749}"
EndProject
Global
	GlobalSection(SolutionConfigurationPlatforms) = preSolution
		Debug|Any CPU = Debug|Any CPU
		Release|Any CPU = Release|Any CPU
	EndGlobalSection
	GlobalSection(ProjectConfigurationPlatforms) = postSolution
		{39F72A59-0BAE-4FFD-86AE-5860C3977749}.Debug|Any CPU.ActiveCfg = Debug|Any CPU
		{39F72A59-0BAE-4FFD-86AE-5860C3977749}.Debug|Any CPU.Build.0 = Debug|Any CPU
		{39F72A59-0BAE-4FFD-86AE-5860C3977749}.Release|Any CPU.ActiveCfg = Release|Any CPU
		{39F72A59-0BAE-4FFD-86AE-5860C3977749}.Release|Any CPU.Build.0 = Release|Any CPU
	EndGlobalSection
	GlobalSection(SolutionProperties) = preSolution
		HideSolutionNode = FALSE
	EndGlobalSection
	GlobalSection(ExtensibilityGlobals) = postSolution
		SolutionGuid = {E7206784-3C86-4A6B-852E-68B2D848F7CF}
	EndGlobalSection
EndGlobal
